github.com/bayujuara01/learn-golang-basic-module v1.0.0 h1:BARZPhb6yYlpWOBl3KYh12MHnIJw8metWVQZbJ4y+Sk=
github.com/bayujuara01/learn-golang-basic-module v1.0.0/go.mod h1:Qn1hYBPfie+uGcC5v4Mc7fLBg3l00wau4Yla+SwTYxs=
github.com/bayujuara01/learn-golang-basic-module v1.0.1/go.mod h1:Qn1hYBPfie+uGcC5v4Mc7fLBg3l00wau4Yla+SwTYxs=
github.com/bayujuara01/learn-golang-basic-module v1.0.2 h1:GqNTJ41CRH1lQ/3s18ljOIXks7WrkeKLFodOeBFO77Y=
github.com/bayujuara01/learn-golang-basic-module v1.0.2/go.mod h1:Qn1hYBPfie+uGcC5v4Mc7fLBg3l00wau4Yla+SwTYxs=
